
Microsoft Visual Studio Solution File, Format Version 12.00
# Visual Studio Version 17
VisualStudioVersion = 17.14.36511.14 d17.14
MinimumVisualStudioVersion = 10.0.40219.1
Project("{2150E333-8FDC-42A3-9474-1A3956D46DE8}") = "Task0", "Task0", "{02EA681E-C7D8-13C7-8484-4AC65E1B71E8}"
EndProject
Project("{FAE04EC0-301F-11D3-BF4B-00C04F79EFBC}") = "Tyuiu.MalchikhinaVV.Sprint5.Task0.V27", "Tyuiu.MalchikhinaVV.Sprint5.Task0.V27\Tyuiu.MalchikhinaVV.Sprint5.Task0.V27.csproj", "{9FC23E28-3EB5-4A91-A089-61405D80272B}"
EndProject
Project("{FAE04EC0-301F-11D3-BF4B-00C04F79EFBC}") = "Tyuiu.MalchikhinaVV.Sprint5.Task0.V27.Lib", "Tyuiu.MalchikhinaVV.Sprint5.Task0.V27.Lib\Tyuiu.MalchikhinaVV.Sprint5.Task0.V27.Lib.csproj", "{305F6D36-F45C-4268-83B2-98985A6C2258}"
EndProject
Project("{FAE04EC0-301F-11D3-BF4B-00C04F79EFBC}") = "Tyuiu.MalchikhinaVV.Sprint5.Task0.V27.Test", "Tyuiu.MalchikhinaVV.Sprint5.Task0.V27.Test\Tyuiu.MalchikhinaVV.Sprint5.Task0.V27.Test.csproj", "{27BA7A54-2F34-46FE-8731-6422DF0B56B5}"
EndProject
Project("{2150E333-8FDC-42A3-9474-1A3956D46DE8}") = "Task1", "Task1", "{1605465C-BEE1-4591-BE80-E56908BC2DC0}"
EndProject
Project("{FAE04EC0-301F-11D3-BF4B-00C04F79EFBC}") = "Tyuiu.MalchikhinaVV.Sprint5.Task1.V12", "Tyuiu.MalchikhinaVV.Sprint5.Task1.V12\Tyuiu.MalchikhinaVV.Sprint5.Task1.V12.csproj", "{DCFAD59B-8483-4E0F-98B9-97BDCD2F6E61}"
EndProject
Project("{FAE04EC0-301F-11D3-BF4B-00C04F79EFBC}") = "Tyuiu.MalchikhinaVV.Sprint5.Task1.V12.Lib", "Tyuiu.MalchikhinaVV.Sprint5.Task1.V12.Lib\Tyuiu.MalchikhinaVV.Sprint5.Task1.V12.Lib.csproj", "{069062F8-B450-44B6-81F6-188161489EB4}"
EndProject
Project("{FAE04EC0-301F-11D3-BF4B-00C04F79EFBC}") = "Tyuiu.MalchikhinaVV.Sprint5.Task1.V12.Test", "Tyuiu.MalchikhinaVV.Sprint5.Task1.V12.Test\Tyuiu.MalchikhinaVV.Sprint5.Task1.V12.Test.csproj", "{EAD1492E-A8DB-4509-937A-AF2717D26375}"
EndProject
Project("{2150E333-8FDC-42A3-9474-1A3956D46DE8}") = "Task2", "Task2", "{1108834A-9C08-4386-BB76-64570AEC6814}"
EndProject
Project("{FAE04EC0-301F-11D3-BF4B-00C04F79EFBC}") = "Tyuiu.MalchikhinaVV.Sprint5.Task2.V11", "Tyuiu.MalchikhinaVV.Sprint5.Task2.V11\Tyuiu.MalchikhinaVV.Sprint5.Task2.V11.csproj", "{4F4A5BE6-C747-4687-979B-6DCB97367022}"
EndProject
Project("{FAE04EC0-301F-11D3-BF4B-00C04F79EFBC}") = "Tyuiu.MalchikhinaVV.Sprint5.Task2.V11.Lib", "Tyuiu.MalchikhinaVV.Sprint5.Task2.V11.Lib\Tyuiu.MalchikhinaVV.Sprint5.Task2.V11.Lib.csproj", "{1EA06178-97EB-43CC-B725-69DAABC28544}"
EndProject
Project("{FAE04EC0-301F-11D3-BF4B-00C04F79EFBC}") = "Tyuiu.MalchikhinaVV.Sprint5.Task2.V11.Test", "Tyuiu.MalchikhinaVV.Sprint5.Task2.V11.Test\Tyuiu.MalchikhinaVV.Sprint5.Task2.V11.Test.csproj", "{D6C69689-4BED-447B-AAED-1B02F8CADDBD}"
EndProject
Project("{2150E333-8FDC-42A3-9474-1A3956D46DE8}") = "Task3", "Task3", "{B8E2B897-88B3-4C39-882C-E1210EEBCE63}"
EndProject
Project("{FAE04EC0-301F-11D3-BF4B-00C04F79EFBC}") = "Tyuiu.MalchikhinaVV.Sprint5.Task3.V16", "Tyuiu.MalchikhinaVV.Sprint5.Task3.V16\Tyuiu.MalchikhinaVV.Sprint5.Task3.V16.csproj", "{795D1C63-D042-4709-BE29-CB4AD97749AA}"
EndProject
Project("{FAE04EC0-301F-11D3-BF4B-00C04F79EFBC}") = "Tyuiu.MalchikhinaVV.Sprint5.Task3.V16.Lib", "Tyuiu.MalchikhinaVV.Sprint5.Task3.V16.Lib\Tyuiu.MalchikhinaVV.Sprint5.Task3.V16.Lib.csproj", "{8CEF91AF-69BF-47D6-B313-717C2CB0B05F}"
EndProject
Project("{FAE04EC0-301F-11D3-BF4B-00C04F79EFBC}") = "Tyuiu.MalchikhinaVV.Sprint5.Task3.V16.Test", "Tyuiu.MalchikhinaVV.Sprint5.Task3.V16.Test\Tyuiu.MalchikhinaVV.Sprint5.Task3.V16.Test.csproj", "{19AC6808-2661-4555-A1C9-97B35CABAA55}"
EndProject
Global
	GlobalSection(SolutionConfigurationPlatforms) = preSolution
		Debug|Any CPU = Debug|Any CPU
		Release|Any CPU = Release|Any CPU
	EndGlobalSection
	GlobalSection(ProjectConfigurationPlatforms) = postSolution
		{9FC23E28-3EB5-4A91-A089-61405D80272B}.Debug|Any CPU.ActiveCfg = Debug|Any CPU
		{9FC23E28-3EB5-4A91-A089-61405D80272B}.Debug|Any CPU.Build.0 = Debug|Any CPU
		{9FC23E28-3EB5-4A91-A089-61405D80272B}.Release|Any CPU.ActiveCfg = Release|Any CPU
		{9FC23E28-3EB5-4A91-A089-61405D80272B}.Release|Any CPU.Build.0 = Release|Any CPU
		{305F6D36-F45C-4268-83B2-98985A6C2258}.Debug|Any CPU.ActiveCfg = Debug|Any CPU
		{305F6D36-F45C-4268-83B2-98985A6C2258}.Debug|Any CPU.Build.0 = Debug|Any CPU
		{305F6D36-F45C-4268-83B2-98985A6C2258}.Release|Any CPU.ActiveCfg = Release|Any CPU
		{305F6D36-F45C-4268-83B2-98985A6C2258}.Release|Any CPU.Build.0 = Release|Any CPU
		{27BA7A54-2F34-46FE-8731-6422DF0B56B5}.Debug|Any CPU.ActiveCfg = Debug|Any CPU
		{27BA7A54-2F34-46FE-8731-6422DF0B56B5}.Debug|Any CPU.Build.0 = Debug|Any CPU
		{27BA7A54-2F34-46FE-8731-6422DF0B56B5}.Release|Any CPU.ActiveCfg = Release|Any CPU
		{27BA7A54-2F34-46FE-8731-6422DF0B56B5}.Release|Any CPU.Build.0 = Release|Any CPU
		{DCFAD59B-8483-4E0F-98B9-97BDCD2F6E61}.Debug|Any CPU.ActiveCfg = Debug|Any CPU
		{DCFAD59B-8483-4E0F-98B9-97BDCD2F6E61}.Debug|Any CPU.Build.0 = Debug|Any CPU
		{DCFAD59B-8483-4E0F-98B9-97BDCD2F6E61}.Release|Any CPU.ActiveCfg = Release|Any CPU
		{DCFAD59B-8483-4E0F-98B9-97BDCD2F6E61}.Release|Any CPU.Build.0 = Release|Any CPU
		{069062F8-B450-44B6-81F6-188161489EB4}.Debug|Any CPU.ActiveCfg = Debug|Any CPU
		{069062F8-B450-44B6-81F6-188161489EB4}.Debug|Any CPU.Build.0 = Debug|Any CPU
		{069062F8-B450-44B6-81F6-188161489EB4}.Release|Any CPU.ActiveCfg = Release|Any CPU
		{069062F8-B450-44B6-81F6-188161489EB4}.Release|Any CPU.Build.0 = Release|Any CPU
		{EAD1492E-A8DB-4509-937A-AF2717D26375}.Debug|Any CPU.ActiveCfg = Debug|Any CPU
		{EAD1492E-A8DB-4509-937A-AF2717D26375}.Debug|Any CPU.Build.0 = Debug|Any CPU
		{EAD1492E-A8DB-4509-937A-AF2717D26375}.Release|Any CPU.ActiveCfg = Release|Any CPU
		{EAD1492E-A8DB-4509-937A-AF2717D26375}.Release|Any CPU.Build.0 = Release|Any CPU
		{4F4A5BE6-C747-4687-979B-6DCB97367022}.Debug|Any CPU.ActiveCfg = Debug|Any CPU
		{4F4A5BE6-C747-4687-979B-6DCB97367022}.Debug|Any CPU.Build.0 = Debug|Any CPU
		{4F4A5BE6-C747-4687-979B-6DCB97367022}.Release|Any CPU.ActiveCfg = Release|Any CPU
		{4F4A5BE6-C747-4687-979B-6DCB97367022}.Release|Any CPU.Build.0 = Release|Any CPU
		{1EA06178-97EB-43CC-B725-69DAABC28544}.Debug|Any CPU.ActiveCfg = Debug|Any CPU
		{1EA06178-97EB-43CC-B725-69DAABC28544}.Debug|Any CPU.Build.0 = Debug|Any CPU
		{1EA06178-97EB-43CC-B725-69DAABC28544}.Release|Any CPU.ActiveCfg = Release|Any CPU
		{1EA06178-97EB-43CC-B725-69DAABC28544}.Release|Any CPU.Build.0 = Release|Any CPU
		{D6C69689-4BED-447B-AAED-1B02F8CADDBD}.Debug|Any CPU.ActiveCfg = Debug|Any CPU
		{D6C69689-4BED-447B-AAED-1B02F8CADDBD}.Debug|Any CPU.Build.0 = Debug|Any CPU
		{D6C69689-4BED-447B-AAED-1B02F8CADDBD}.Release|Any CPU.ActiveCfg = Release|Any CPU
		{D6C69689-4BED-447B-AAED-1B02F8CADDBD}.Release|Any CPU.Build.0 = Release|Any CPU
		{795D1C63-D042-4709-BE29-CB4AD97749AA}.Debug|Any CPU.ActiveCfg = Debug|Any CPU
		{795D1C63-D042-4709-BE29-CB4AD97749AA}.Debug|Any CPU.Build.0 = Debug|Any CPU
		{795D1C63-D042-4709-BE29-CB4AD97749AA}.Release|Any CPU.ActiveCfg = Release|Any CPU
		{795D1C63-D042-4709-BE29-CB4AD97749AA}.Release|Any CPU.Build.0 = Release|Any CPU
		{8CEF91AF-69BF-47D6-B313-717C2CB0B05F}.Debug|Any CPU.ActiveCfg = Debug|Any CPU
		{8CEF91AF-69BF-47D6-B313-717C2CB0B05F}.Debug|Any CPU.Build.0 = Debug|Any CPU
		{8CEF91AF-69BF-47D6-B313-717C2CB0B05F}.Release|Any CPU.ActiveCfg = Release|Any CPU
		{8CEF91AF-69BF-47D6-B313-717C2CB0B05F}.Release|Any CPU.Build.0 = Release|Any CPU
		{19AC6808-2661-4555-A1C9-97B35CABAA55}.Debug|Any CPU.ActiveCfg = Debug|Any CPU
		{19AC6808-2661-4555-A1C9-97B35CABAA55}.Debug|Any CPU.Build.0 = Debug|Any CPU
		{19AC6808-2661-4555-A1C9-97B35CABAA55}.Release|Any CPU.ActiveCfg = Release|Any CPU
		{19AC6808-2661-4555-A1C9-97B35CABAA55}.Release|Any CPU.Build.0 = Release|Any CPU
	EndGlobalSection
	GlobalSection(SolutionProperties) = preSolution
		HideSolutionNode = FALSE
	EndGlobalSection
	GlobalSection(NestedProjects) = preSolution
		{9FC23E28-3EB5-4A91-A089-61405D80272B} = {02EA681E-C7D8-13C7-8484-4AC65E1B71E8}
		{305F6D36-F45C-4268-83B2-98985A6C2258} = {02EA681E-C7D8-13C7-8484-4AC65E1B71E8}
		{27BA7A54-2F34-46FE-8731-6422DF0B56B5} = {02EA681E-C7D8-13C7-8484-4AC65E1B71E8}
		{DCFAD59B-8483-4E0F-98B9-97BDCD2F6E61} = {1605465C-BEE1-4591-BE80-E56908BC2DC0}
		{069062F8-B450-44B6-81F6-188161489EB4} = {1605465C-BEE1-4591-BE80-E56908BC2DC0}
		{EAD1492E-A8DB-4509-937A-AF2717D26375} = {1605465C-BEE1-4591-BE80-E56908BC2DC0}
		{4F4A5BE6-C747-4687-979B-6DCB97367022} = {1108834A-9C08-4386-BB76-64570AEC6814}
		{1EA06178-97EB-43CC-B725-69DAABC28544} = {1108834A-9C08-4386-BB76-64570AEC6814}
		{D6C69689-4BED-447B-AAED-1B02F8CADDBD} = {1108834A-9C08-4386-BB76-64570AEC6814}
		{795D1C63-D042-4709-BE29-CB4AD97749AA} = {B8E2B897-88B3-4C39-882C-E1210EEBCE63}
		{8CEF91AF-69BF-47D6-B313-717C2CB0B05F} = {B8E2B897-88B3-4C39-882C-E1210EEBCE63}
		{19AC6808-2661-4555-A1C9-97B35CABAA55} = {B8E2B897-88B3-4C39-882C-E1210EEBCE63}
	EndGlobalSection
	GlobalSection(ExtensibilityGlobals) = postSolution
		SolutionGuid = {1ACBD1C0-7AB0-4CC2-90F3-ACAC9EEC6412}
	EndGlobalSection
EndGlobal
